
Microsoft Visual Studio Solution File, Format Version 12.00
# Visual Studio Version 16
VisualStudioVersion = 16.0.29505.145
MinimumVisualStudioVersion = 10.0.40219.1
Project("{FAE04EC0-301F-11D3-BF4B-00C04F79EFBC}") = "StoreHouse", "StoreHouse\StoreHouse.csproj", "{FB8C465A-09F5-420E-A781-C2D4FD4193D3}"
EndProject
Project("{FAE04EC0-301F-11D3-BF4B-00C04F79EFBC}") = "Model", "Model\Model.csproj", "{23BDF9A6-5B9B-40FF-8E26-9D99652A8FD7}"
EndProject
Project("{FAE04EC0-301F-11D3-BF4B-00C04F79EFBC}") = "Presenter", "Presenter\Presenter.csproj", "{BF6796E3-BFA4-44DB-861E-EC942E07DDB5}"
EndProject
Project("{2150E333-8FDC-42A3-9474-1A3956D46DE8}") = "Solution Items", "Solution Items", "{E200E3CE-4D8E-489D-A8DD-2113D181541C}"
	ProjectSection(SolutionItems) = preProject
		.editorconfig = .editorconfig
	EndProjectSection
EndProject
Project("{FAE04EC0-301F-11D3-BF4B-00C04F79EFBC}") = "Test", "Test\Test.csproj", "{1C32DA20-9E10-4C4E-A090-A8BA85ABE6FA}"
EndProject
Global
	GlobalSection(SolutionConfigurationPlatforms) = preSolution
		Debug|Any CPU = Debug|Any CPU
		Release|Any CPU = Release|Any CPU
	EndGlobalSection
	GlobalSection(ProjectConfigurationPlatforms) = postSolution
		{FB8C465A-09F5-420E-A781-C2D4FD4193D3}.Debug|Any CPU.ActiveCfg = Debug|Any CPU
		{FB8C465A-09F5-420E-A781-C2D4FD4193D3}.Debug|Any CPU.Build.0 = Debug|Any CPU
		{FB8C465A-09F5-420E-A781-C2D4FD4193D3}.Release|Any CPU.ActiveCfg = Release|Any CPU
		{FB8C465A-09F5-420E-A781-C2D4FD4193D3}.Release|Any CPU.Build.0 = Release|Any CPU
		{23BDF9A6-5B9B-40FF-8E26-9D99652A8FD7}.Debug|Any CPU.ActiveCfg = Debug|Any CPU
		{23BDF9A6-5B9B-40FF-8E26-9D99652A8FD7}.Debug|Any CPU.Build.0 = Debug|Any CPU
		{23BDF9A6-5B9B-40FF-8E26-9D99652A8FD7}.Release|Any CPU.ActiveCfg = Release|Any CPU
		{23BDF9A6-5B9B-40FF-8E26-9D99652A8FD7}.Release|Any CPU.Build.0 = Release|Any CPU
		{BF6796E3-BFA4-44DB-861E-EC942E07DDB5}.Debug|Any CPU.ActiveCfg = Debug|Any CPU
		{BF6796E3-BFA4-44DB-861E-EC942E07DDB5}.Debug|Any CPU.Build.0 = Debug|Any CPU
		{BF6796E3-BFA4-44DB-861E-EC942E07DDB5}.Release|Any CPU.ActiveCfg = Release|Any CPU
		{BF6796E3-BFA4-44DB-861E-EC942E07DDB5}.Release|Any CPU.Build.0 = Release|Any CPU
		{1C32DA20-9E10-4C4E-A090-A8BA85ABE6FA}.Debug|Any CPU.ActiveCfg = Debug|Any CPU
		{1C32DA20-9E10-4C4E-A090-A8BA85ABE6FA}.Debug|Any CPU.Build.0 = Debug|Any CPU
		{1C32DA20-9E10-4C4E-A090-A8BA85ABE6FA}.Release|Any CPU.ActiveCfg = Release|Any CPU
		{1C32DA20-9E10-4C4E-A090-A8BA85ABE6FA}.Release|Any CPU.Build.0 = Release|Any CPU
	EndGlobalSection
	GlobalSection(SolutionProperties) = preSolution
		HideSolutionNode = FALSE
	EndGlobalSection
	GlobalSection(ExtensibilityGlobals) = postSolution
		SolutionGuid = {0B34DF92-D293-4537-BF78-8EB666C2FBE0}
	EndGlobalSection
EndGlobal
